// !$*UTF8*$!
{
	archiveVersion = 1;
	classes = {
	};
	objectVersion = 50;
	objects = {

/* Begin PBXBuildFile section */
		18720A64231A4E8E00031FA0 /* GridLayout.swift in Sources */ = {isa = PBXBuildFile; fileRef = 18720A63231A4E8E00031FA0 /* GridLayout.swift */; };
		189A494222ED6FEC002CD5B9 /* AppDelegate.swift in Sources */ = {isa = PBXBuildFile; fileRef = 189A494122ED6FEC002CD5B9 /* AppDelegate.swift */; };
		189A494422ED6FEC002CD5B9 /* ViewController.swift in Sources */ = {isa = PBXBuildFile; fileRef = 189A494322ED6FEC002CD5B9 /* ViewController.swift */; };
		189A494722ED6FEC002CD5B9 /* Main.storyboard in Resources */ = {isa = PBXBuildFile; fileRef = 189A494522ED6FEC002CD5B9 /* Main.storyboard */; };
		189A494922ED6FED002CD5B9 /* Assets.xcassets in Resources */ = {isa = PBXBuildFile; fileRef = 189A494822ED6FED002CD5B9 /* Assets.xcassets */; };
		189A494C22ED6FED002CD5B9 /* LaunchScreen.storyboard in Resources */ = {isa = PBXBuildFile; fileRef = 189A494A22ED6FED002CD5B9 /* LaunchScreen.storyboard */; };
		189A495422ED7022002CD5B9 /* TipsView.swift in Sources */ = {isa = PBXBuildFile; fileRef = 189A495322ED7022002CD5B9 /* TipsView.swift */; };
		189A495622ED705B002CD5B9 /* TipsView.xib in Resources */ = {isa = PBXBuildFile; fileRef = 189A495522ED705B002CD5B9 /* TipsView.xib */; };
		18D9CF3E231828CA0063BA35 /* HCollectionViewCell.swift in Sources */ = {isa = PBXBuildFile; fileRef = 18D9CF3C231828CA0063BA35 /* HCollectionViewCell.swift */; };
		18D9CF3F231828CA0063BA35 /* HCollectionViewCell.xib in Resources */ = {isa = PBXBuildFile; fileRef = 18D9CF3D231828CA0063BA35 /* HCollectionViewCell.xib */; };
/* End PBXBuildFile section */

/* Begin PBXFileReference section */
		18720A63231A4E8E00031FA0 /* GridLayout.swift */ = {isa = PBXFileReference; lastKnownFileType = sourcecode.swift; path = GridLayout.swift; sourceTree = "<group>"; };
		189A493E22ED6FEC002CD5B9 /* CustomViewFromXIB.app */ = {isa = PBXFileReference; explicitFileType = wrapper.application; includeInIndex = 0; path = CustomViewFromXIB.app; sourceTree = BUILT_PRODUCTS_DIR; };
		189A494122ED6FEC002CD5B9 /* AppDelegate.swift */ = {isa = PBXFileReference; lastKnownFileType = sourcecode.swift; path = AppDelegate.swift; sourceTree = "<group>"; };
		189A494322ED6FEC002CD5B9 /* ViewController.swift */ = {isa = PBXFileReference; lastKnownFileType = sourcecode.swift; path = ViewController.swift; sourceTree = "<group>"; };
		189A494622ED6FEC002CD5B9 /* Base */ = {isa = PBXFileReference; lastKnownFileType = file.storyboard; name = Base; path = Base.lproj/Main.storyboard; sourceTree = "<group>"; };
		189A494822ED6FED002CD5B9 /* Assets.xcassets */ = {isa = PBXFileReference; lastKnownFileType = folder.assetcatalog; path = Assets.xcassets; sourceTree = "<group>"; };
		189A494B22ED6FED002CD5B9 /* Base */ = {isa = PBXFileReference; lastKnownFileType = file.storyboard; name = Base; path = Base.lproj/LaunchScreen.storyboard; sourceTree = "<group>"; };
		189A494D22ED6FED002CD5B9 /* Info.plist */ = {isa = PBXFileReference; lastKnownFileType = text.plist.xml; path = Info.plist; sourceTree = "<group>"; };
		189A495322ED7022002CD5B9 /* TipsView.swift */ = {isa = PBXFileReference; lastKnownFileType = sourcecode.swift; path = TipsView.swift; sourceTree = "<group>"; };
		189A495522ED705B002CD5B9 /* TipsView.xib */ = {isa = PBXFileReference; lastKnownFileType = file.xib; path = TipsView.xib; sourceTree = "<group>"; };
		18D9CF3C231828CA0063BA35 /* HCollectionViewCell.swift */ = {isa = PBXFileReference; lastKnownFileType = sourcecode.swift; path = HCollectionViewCell.swift; sourceTree = "<group>"; };
		18D9CF3D231828CA0063BA35 /* HCollectionViewCell.xib */ = {isa = PBXFileReference; lastKnownFileType = file.xib; path = HCollectionViewCell.xib; sourceTree = "<group>"; };
/* End PBXFileReference section */

/* Begin PBXFrameworksBuildPhase section */
		189A493B22ED6FEC002CD5B9 /* Frameworks */ = {
			isa = PBXFrameworksBuildPhase;
			buildActionMask = 2147483647;
			files = (
			);
			runOnlyForDeploymentPostprocessing = 0;
		};
/* End PBXFrameworksBuildPhase section */

/* Begin PBXGroup section */
		189A493522ED6FEB002CD5B9 = {
			isa = PBXGroup;
			children = (
				189A494022ED6FEC002CD5B9 /* CustomViewFromXIB */,
				189A493F22ED6FEC002CD5B9 /* Products */,
			);
			sourceTree = "<group>";
		};
		189A493F22ED6FEC002CD5B9 /* Products */ = {
			isa = PBXGroup;
			children = (
				189A493E22ED6FEC002CD5B9 /* CustomViewFromXIB.app */,
			);
			name = Products;
			sourceTree = "<group>";
		};
		189A494022ED6FEC002CD5B9 /* CustomViewFromXIB */ = {
			isa = PBXGroup;
			children = (
				189A494122ED6FEC002CD5B9 /* AppDelegate.swift */,
				189A494322ED6FEC002CD5B9 /* ViewController.swift */,
				189A494522ED6FEC002CD5B9 /* Main.storyboard */,
				189A494822ED6FED002CD5B9 /* Assets.xcassets */,
				189A494A22ED6FED002CD5B9 /* LaunchScreen.storyboard */,
				189A494D22ED6FED002CD5B9 /* Info.plist */,
				189A495322ED7022002CD5B9 /* TipsView.swift */,
				189A495522ED705B002CD5B9 /* TipsView.xib */,
				18D9CF3C231828CA0063BA35 /* HCollectionViewCell.swift */,
				18D9CF3D231828CA0063BA35 /* HCollectionViewCell.xib */,
				18720A63231A4E8E00031FA0 /* GridLayout.swift */,
			);
			path = CustomViewFromXIB;
			sourceTree = "<group>";
		};
/* End PBXGroup section */

/* Begin PBXNativeTarget section */
		189A493D22ED6FEC002CD5B9 /* CustomViewFromXIB */ = {
			isa = PBXNativeTarget;
			buildConfigurationList = 189A495022ED6FED002CD5B9 /* Build configuration list for PBXNativeTarget "CustomViewFromXIB" */;
			buildPhases = (
				189A493A22ED6FEC002CD5B9 /* Sources */,
				189A493B22ED6FEC002CD5B9 /* Frameworks */,
				189A493C22ED6FEC002CD5B9 /* Resources */,
			);
			buildRules = (
			);
			dependencies = (
			);
			name = CustomViewFromXIB;
			productName = CustomViewFromXIB;
			productReference = 189A493E22ED6FEC002CD5B9 /* CustomViewFromXIB.app */;
			productType = "com.apple.product-type.application";
		};
/* End PBXNativeTarget section */

/* Begin PBXProject section */
		189A493622ED6FEB002CD5B9 /* Project object */ = {
			isa = PBXProject;
			attributes = {
				LastSwiftUpdateCheck = 1020;
				LastUpgradeCheck = 1020;
				ORGANIZATIONNAME = "Rajesh Karmaker";
				TargetAttributes = {
					189A493D22ED6FEC002CD5B9 = {
						CreatedOnToolsVersion = 10.2.1;
					};
				};
			};
			buildConfigurationList = 189A493922ED6FEB002CD5B9 /* Build configuration list for PBXProject "CustomViewFromXIB" */;
			compatibilityVersion = "Xcode 9.3";
			developmentRegion = en;
			hasScannedForEncodings = 0;
			knownRegions = (
				en,
				Base,
			);
			mainGroup = 189A493522ED6FEB002CD5B9;
			productRefGroup = 189A493F22ED6FEC002CD5B9 /* Products */;
			projectDirPath = "";
			projectRoot = "";
			targets = (
				189A493D22ED6FEC002CD5B9 /* CustomViewFromXIB */,
			);
		};
/* End PBXProject section */

/* Begin PBXResourcesBuildPhase section */
		189A493C22ED6FEC002CD5B9 /* Resources */ = {
			isa = PBXResourcesBuildPhase;
			buildActionMask = 2147483647;
			files = (
				189A495622ED705B002CD5B9 /* TipsView.xib in Resources */,
				189A494C22ED6FED002CD5B9 /* LaunchScreen.storyboard in Resources */,
				18D9CF3F231828CA0063BA35 /* HCollectionViewCell.xib in Resources */,
				189A494922ED6FED002CD5B9 /* Assets.xcassets in Resources */,
				189A494722ED6FEC002CD5B9 /* Main.storyboard in Resources */,
			);
			runOnlyForDeploymentPostprocessing = 0;
		};
/* End PBXResourcesBuildPhase section */

/* Begin PBXSourcesBuildPhase section */
		189A493A22ED6FEC002CD5B9 /* Sources */ = {
			isa = PBXSourcesBuildPhase;
			buildActionMask = 2147483647;
			files = (
				189A495422ED7022002CD5B9 /* TipsView.swift in Sources */,
				189A494422ED6FEC002CD5B9 /* ViewController.swift in Sources */,
				18720A64231A4E8E00031FA0 /* GridLayout.swift in Sources */,
				189A494222ED6FEC002CD5B9 /* AppDelegate.swift in Sources */,
				18D9CF3E231828CA0063BA35 /* HCollectionViewCell.swift in Sources */,
			);
			runOnlyForDeploymentPostprocessing = 0;
		};
/* End PBXSourcesBuildPhase section */

/* Begin PBXVariantGroup section */
		189A494522ED6FEC002CD5B9 /* Main.storyboard */ = {
			isa = PBXVariantGroup;
			children = (
				189A494622ED6FEC002CD5B9 /* Base */,
			);
			name = Main.storyboard;
			sourceTree = "<group>";
		};
		189A494A22ED6FED002CD5B9 /* LaunchScreen.storyboard */ = {
			isa = PBXVariantGroup;
			children = (
				189A494B22ED6FED002CD5B9 /* Base */,
			);
			name = LaunchScreen.storyboard;
			sourceTree = "<group>";
		};
/* End PBXVariantGroup section */

/* Begin XCBuildConfiguration section */
		189A494E22ED6FED002CD5B9 /* Debug */ = {
			isa = XCBuildConfiguration;
			buildSettings = {
				ALWAYS_SEARCH_USER_PATHS = NO;
				CLANG_ANALYZER_NONNULL = YES;
				CLANG_ANALYZER_NUMBER_OBJECT_CONVERSION = YES_AGGRESSIVE;
				CLANG_CXX_LANGUAGE_STANDARD = "gnu++14";
				CLANG_CXX_LIBRARY = "libc++";
				CLANG_ENABLE_MODULES = YES;
				CLANG_ENABLE_OBJC_ARC = YES;
				CLANG_ENABLE_OBJC_WEAK = YES;
				CLANG_WARN_BLOCK_CAPTURE_AUTORELEASING = YES;
				CLANG_WARN_BOOL_CONVERSION = YES;
				CLANG_WARN_COMMA = YES;
				CLANG_WARN_CONSTANT_CONVERSION = YES;
				CLANG_WARN_DEPRECATED_OBJC_IMPLEMENTATIONS = YES;
				CLANG_WARN_DIRECT_OBJC_ISA_USAGE = YES_ERROR;
				CLANG_WARN_DOCUMENTATION_COMMENTS = YES;
				CLANG_WARN_EMPTY_BODY = YES;
				CLANG_WARN_ENUM_CONVERSION = YES;
				CLANG_WARN_INFINITE_RECURSION = YES;
				CLANG_WARN_INT_CONVERSION = YES;
				CLANG_WARN_NON_LITERAL_NULL_CONVERSION = YES;
				CLANG_WARN_OBJC_IMPLICIT_RETAIN_SELF = YES;
				CLANG_WARN_OBJC_LITERAL_CONVERSION = YES;
				CLANG_WARN_OBJC_ROOT_CLASS = YES_ERROR;
				CLANG_WARN_RANGE_LOOP_ANALYSIS = YES;
				CLANG_WARN_STRICT_PROTOTYPES = YES;
				CLANG_WARN_SUSPICIOUS_MOVE = YES;
				CLANG_WARN_UNGUARDED_AVAILABILITY = YES_AGGRESSIVE;
				CLANG_WARN_UNREACHABLE_CODE = YES;
				CLANG_WARN__DUPLICATE_METHOD_MATCH = YES;
				CODE_SIGN_IDENTITY = "iPhone Developer";
				COPY_PHASE_STRIP = NO;
				DEBUG_INFORMATION_FORMAT = dwarf;
				ENABLE_STRICT_OBJC_MSGSEND = YES;
				ENABLE_TESTABILITY = YES;
				GCC_C_LANGUAGE_STANDARD = gnu11;
				GCC_DYNAMIC_NO_PIC = NO;
				GCC_NO_COMMON_BLOCKS = YES;
				GCC_OPTIMIZATION_LEVEL = 0;
				GCC_PREPROCESSOR_DEFINITIONS = (
					"DEBUG=1",
					"$(inherited)",
				);
				GCC_WARN_64_TO_32_BIT_CONVERSION = YES;
				GCC_WARN_ABOUT_RETURN_TYPE = YES_ERROR;
				GCC_WARN_UNDECLARED_SELECTOR = YES;
				GCC_WARN_UNINITIALIZED_AUTOS = YES_AGGRESSIVE;
				GCC_WARN_UNUSED_FUNCTION = YES;
				GCC_WARN_UNUSED_VARIABLE = YES;
				IPHONEOS_DEPLOYMENT_TARGET = 12.2;
				MTL_ENABLE_DEBUG_INFO = INCLUDE_SOURCE;
				MTL_FAST_MATH = YES;
				ONLY_ACTIVE_ARCH = YES;
				SDKROOT = iphoneos;
				SWIFT_ACTIVE_COMPILATION_CONDITIONS = DEBUG;
				SWIFT_OPTIMIZATION_LEVEL = "-Onone";
			};
			name = Debug;
		};
		189A494F22ED6FED002CD5B9 /* Release */ = {
			isa = XCBuildConfiguration;
			buildSettings = {
				ALWAYS_SEARCH_USER_PATHS = NO;
				CLANG_ANALYZER_NONNULL = YES;
				CLANG_ANALYZER_NUMBER_OBJECT_CONVERSION = YES_AGGRESSIVE;
				CLANG_CXX_LANGUAGE_STANDARD = "gnu++14";
				CLANG_CXX_LIBRARY = "libc++";
				CLANG_ENABLE_MODULES = YES;
				CLANG_ENABLE_OBJC_ARC = YES;
				CLANG_ENABLE_OBJC_WEAK = YES;
				CLANG_WARN_BLOCK_CAPTURE_AUTORELEASING = YES;
				CLANG_WARN_BOOL_CONVERSION = YES;
				CLANG_WARN_COMMA = YES;
				CLANG_WARN_CONSTANT_CONVERSION = YES;
				CLANG_WARN_DEPRECATED_OBJC_IMPLEMENTATIONS = YES;
				CLANG_WARN_DIRECT_OBJC_ISA_USAGE = YES_ERROR;
				CLANG_WARN_DOCUMENTATION_COMMENTS = YES;
				CLANG_WARN_EMPTY_BODY = YES;
				CLANG_WARN_ENUM_CONVERSION = YES;
				CLANG_WARN_INFINITE_RECURSION = YES;
				CLANG_WARN_INT_CONVERSION = YES;
				CLANG_WARN_NON_LITERAL_NULL_CONVERSION = YES;
				CLANG_WARN_OBJC_IMPLICIT_RETAIN_SELF = YES;
				CLANG_WARN_OBJC_LITERAL_CONVERSION = YES;
				CLANG_WARN_OBJC_ROOT_CLASS = YES_ERROR;
				CLANG_WARN_RANGE_LOOP_ANALYSIS = YES;
				CLANG_WARN_STRICT_PROTOTYPES = YES;
				CLANG_WARN_SUSPICIOUS_MOVE = YES;
				CLANG_WARN_UNGUARDED_AVAILABILITY = YES_AGGRESSIVE;
				CLANG_WARN_UNREACHABLE_CODE = YES;
				CLANG_WARN__DUPLICATE_METHOD_MATCH = YES;
				CODE_SIGN_IDENTITY = "iPhone Developer";
				COPY_PHASE_STRIP = NO;
				DEBUG_INFORMATION_FORMAT = "dwarf-with-dsym";
				ENABLE_NS_ASSERTIONS = NO;
				ENABLE_STRICT_OBJC_MSGSEND = YES;
				GCC_C_LANGUAGE_STANDARD = gnu11;
				GCC_NO_COMMON_BLOCKS = YES;
				GCC_WARN_64_TO_32_BIT_CONVERSION = YES;
				GCC_WARN_ABOUT_RETURN_TYPE = YES_ERROR;
				GCC_WARN_UNDECLARED_SELECTOR = YES;
				GCC_WARN_UNINITIALIZED_AUTOS = YES_AGGRESSIVE;
				GCC_WARN_UNUSED_FUNCTION = YES;
				GCC_WARN_UNUSED_VARIABLE = YES;
				IPHONEOS_DEPLOYMENT_TARGET = 12.2;
				MTL_ENABLE_DEBUG_INFO = NO;
				MTL_FAST_MATH = YES;
				SDKROOT = iphoneos;
				SWIFT_COMPILATION_MODE = wholemodule;
				SWIFT_OPTIMIZATION_LEVEL = "-O";
				VALIDATE_PRODUCT = YES;
			};
			name = Release;
		};
		189A495122ED6FED002CD5B9 /* Debug */ = {
			isa = XCBuildConfiguration;
			buildSettings = {
				ASSETCATALOG_COMPILER_APPICON_NAME = AppIcon;
				CODE_SIGN_STYLE = Automatic;
				DEVELOPMENT_TEAM = YF9ES6Q873;
				INFOPLIST_FILE = CustomViewFromXIB/Info.plist;
				LD_RUNPATH_SEARCH_PATHS = (
					"$(inherited)",
					"@executable_path/Frameworks",
				);
				PRODUCT_BUNDLE_IDENTIFIER = com.dev.CustomViewFromXIB;
				PRODUCT_NAME = "$(TARGET_NAME)";
				SWIFT_VERSION = 5.0;
				TARGETED_DEVICE_FAMILY = "1,2";
			};
			name = Debug;
		};
		189A495222ED6FED002CD5B9 /* Release */ = {
			isa = XCBuildConfiguration;
			buildSettings = {
				ASSETCATALOG_COMPILER_APPICON_NAME = AppIcon;
				CODE_SIGN_STYLE = Automatic;
				DEVELOPMENT_TEAM = YF9ES6Q873;
				INFOPLIST_FILE = CustomViewFromXIB/Info.plist;
				LD_RUNPATH_SEARCH_PATHS = (
					"$(inherited)",
					"@executable_path/Frameworks",
				);
				PRODUCT_BUNDLE_IDENTIFIER = com.dev.CustomViewFromXIB;
				PRODUCT_NAME = "$(TARGET_NAME)";
				SWIFT_VERSION = 5.0;
				TARGETED_DEVICE_FAMILY = "1,2";
			};
			name = Release;
		};
/* End XCBuildConfiguration section */

/* Begin XCConfigurationList section */
		189A493922ED6FEB002CD5B9 /* Build configuration list for PBXProject "CustomViewFromXIB" */ = {
			isa = XCConfigurationList;
			buildConfigurations = (
				189A494E22ED6FED002CD5B9 /* Debug */,
				189A494F22ED6FED002CD5B9 /* Release */,
			);
			defaultConfigurationIsVisible = 0;
			defaultConfigurationName = Release;
		};
		189A495022ED6FED002CD5B9 /* Build configuration list for PBXNativeTarget "CustomViewFromXIB" */ = {
			isa = XCConfigurationList;
			buildConfigurations = (
				189A495122ED6FED002CD5B9 /* Debug */,
				189A495222ED6FED002CD5B9 /* Release */,
			);
			defaultConfigurationIsVisible = 0;
			defaultConfigurationName = Release;
		};
/* End XCConfigurationList section */
	};
	rootObject = 189A493622ED6FEB002CD5B9 /* Project object */;
}
